
Microsoft Visual Studio Solution File, Format Version 12.00
# Visual Studio Version 16
VisualStudioVersion = 16.0.31019.35
MinimumVisualStudioVersion = 10.0.40219.1
Project("{FAE04EC0-301F-11D3-BF4B-00C04F79EFBC}") = "pabdexe3", "pabdexe3\pabdexe3.csproj", "{8AE7AB07-D44D-403B-A8EB-68074696505B}"
EndProject
Global
	GlobalSection(SolutionConfigurationPlatforms) = preSolution
		Debug|Any CPU = Debug|Any CPU
		Release|Any CPU = Release|Any CPU
	EndGlobalSection
	GlobalSection(ProjectConfigurationPlatforms) = postSolution
		{8AE7AB07-D44D-403B-A8EB-68074696505B}.Debug|Any CPU.ActiveCfg = Debug|Any CPU
		{8AE7AB07-D44D-403B-A8EB-68074696505B}.Debug|Any CPU.Build.0 = Debug|Any CPU
		{8AE7AB07-D44D-403B-A8EB-68074696505B}.Release|Any CPU.ActiveCfg = Release|Any CPU
		{8AE7AB07-D44D-403B-A8EB-68074696505B}.Release|Any CPU.Build.0 = Release|Any CPU
	EndGlobalSection
	GlobalSection(SolutionProperties) = preSolution
		HideSolutionNode = FALSE
	EndGlobalSection
	GlobalSection(ExtensibilityGlobals) = postSolution
		SolutionGuid = {C8DF6BAC-A7CB-4E0C-AEB5-DD83EDF7D558}
	EndGlobalSection
EndGlobal
